
Microsoft Visual Studio Solution File, Format Version 12.00
# Visual Studio Version 17
VisualStudioVersion = 17.13.35828.75 d17.13
MinimumVisualStudioVersion = 10.0.40219.1
Project("{888888A0-9F3D-457C-B088-3A5042F75D52}") = "ejercicio 1", "ejercicio 1.pyproj", "{40498053-CB64-47A8-BA34-E03BB568B4EF}"
EndProject
Global
	GlobalSection(SolutionConfigurationPlatforms) = preSolution
		Debug|Any CPU = Debug|Any CPU
		Release|Any CPU = Release|Any CPU
	EndGlobalSection
	GlobalSection(ProjectConfigurationPlatforms) = postSolution
		{40498053-CB64-47A8-BA34-E03BB568B4EF}.Debug|Any CPU.ActiveCfg = Debug|Any CPU
		{40498053-CB64-47A8-BA34-E03BB568B4EF}.Release|Any CPU.ActiveCfg = Release|Any CPU
	EndGlobalSection
	GlobalSection(SolutionProperties) = preSolution
		HideSolutionNode = FALSE
	EndGlobalSection
	GlobalSection(ExtensibilityGlobals) = postSolution
		SolutionGuid = {C9A688B9-C881-4ADF-862D-6C1AEFB1621C}
	EndGlobalSection
EndGlobal
